
Microsoft Visual Studio Solution File, Format Version 12.00
# Visual Studio Version 17
VisualStudioVersion = 17.2.32616.157
MinimumVisualStudioVersion = 10.0.40219.1
Project("{2150E333-8FDC-42A3-9474-1A3956D46DE8}") = "src", "src", "{7E3B0C29-215A-440D-BDA3-B07223C10EE4}"
EndProject
Project("{2150E333-8FDC-42A3-9474-1A3956D46DE8}") = "corePackages", "corePackages", "{70D01900-10AB-4DA1-99AA-B464569E9141}"
EndProject
Project("{2150E333-8FDC-42A3-9474-1A3956D46DE8}") = "kodlamaIoDevs", "kodlamaIoDevs", "{62AB399A-C8F7-4FBD-AD71-85AE07F6EFBB}"
EndProject
Project("{9A19103F-16F7-4668-BE54-9A1E7A4F7556}") = "Core.Application", "src\corePackages\Core.Application\Core.Application.csproj", "{02DEF580-EB40-4289-9077-621CE61AEECC}"
EndProject
Project("{9A19103F-16F7-4668-BE54-9A1E7A4F7556}") = "Core.CrossCuttingConcerns", "src\corePackages\Core.CrossCuttingConcerns\Core.CrossCuttingConcerns.csproj", "{B02E14E6-C40F-48DF-8F02-7C4269B1D209}"
EndProject
Project("{9A19103F-16F7-4668-BE54-9A1E7A4F7556}") = "Core.ElasticSearch", "src\corePackages\Core.ElasticSearch\Core.ElasticSearch.csproj", "{A610D767-68D7-447F-805A-51B03F3E0E03}"
EndProject
Project("{9A19103F-16F7-4668-BE54-9A1E7A4F7556}") = "Core.Mailing", "src\corePackages\Core.Mailing\Core.Mailing.csproj", "{19112174-C6BA-4FB2-8E61-9145871DB43B}"
EndProject
Project("{9A19103F-16F7-4668-BE54-9A1E7A4F7556}") = "Core.Persistence", "src\corePackages\Core.Persistence\Core.Persistence.csproj", "{921B80B1-577D-4EB5-989A-1D1436AC7D09}"
EndProject
Project("{9A19103F-16F7-4668-BE54-9A1E7A4F7556}") = "Core.Security", "src\corePackages\Core.Security\Core.Security.csproj", "{62D1C7E3-02C2-4C31-B18B-89B2D96A3F6B}"
EndProject
Project("{9A19103F-16F7-4668-BE54-9A1E7A4F7556}") = "Application", "src\kodlamaIoDevs\Application\Application.csproj", "{E5EE2707-E06A-4FE0-A28E-1DF4C66BEE47}"
EndProject
Project("{9A19103F-16F7-4668-BE54-9A1E7A4F7556}") = "Domain", "src\kodlamaIoDevs\Domain\Domain.csproj", "{8FC9F361-ED04-40C6-997F-8DE62E25A15F}"
EndProject
Project("{9A19103F-16F7-4668-BE54-9A1E7A4F7556}") = "Persistence", "src\kodlamaIoDevs\Persistence\Persistence.csproj", "{1D1508A4-15EF-44B0-BF4E-88CC2D3A8F10}"
EndProject
Project("{9A19103F-16F7-4668-BE54-9A1E7A4F7556}") = "Infrastructure", "src\kodlamaIoDevs\Infrastructure\Infrastructure.csproj", "{D1DAC29C-C198-4505-BEF9-8B38C9250CB4}"
EndProject
Project("{FAE04EC0-301F-11D3-BF4B-00C04F79EFBC}") = "WebAPI", "src\kodlamaIoDevs\WebAPI\WebAPI.csproj", "{E3EE10A3-0220-4FF1-BDF1-9ADEF66B11DB}"
EndProject
Global
	GlobalSection(SolutionConfigurationPlatforms) = preSolution
		Debug|Any CPU = Debug|Any CPU
		Release|Any CPU = Release|Any CPU
	EndGlobalSection
	GlobalSection(ProjectConfigurationPlatforms) = postSolution
		{02DEF580-EB40-4289-9077-621CE61AEECC}.Debug|Any CPU.ActiveCfg = Debug|Any CPU
		{02DEF580-EB40-4289-9077-621CE61AEECC}.Debug|Any CPU.Build.0 = Debug|Any CPU
		{02DEF580-EB40-4289-9077-621CE61AEECC}.Release|Any CPU.ActiveCfg = Release|Any CPU
		{02DEF580-EB40-4289-9077-621CE61AEECC}.Release|Any CPU.Build.0 = Release|Any CPU
		{B02E14E6-C40F-48DF-8F02-7C4269B1D209}.Debug|Any CPU.ActiveCfg = Debug|Any CPU
		{B02E14E6-C40F-48DF-8F02-7C4269B1D209}.Debug|Any CPU.Build.0 = Debug|Any CPU
		{B02E14E6-C40F-48DF-8F02-7C4269B1D209}.Release|Any CPU.ActiveCfg = Release|Any CPU
		{B02E14E6-C40F-48DF-8F02-7C4269B1D209}.Release|Any CPU.Build.0 = Release|Any CPU
		{A610D767-68D7-447F-805A-51B03F3E0E03}.Debug|Any CPU.ActiveCfg = Debug|Any CPU
		{A610D767-68D7-447F-805A-51B03F3E0E03}.Debug|Any CPU.Build.0 = Debug|Any CPU
		{A610D767-68D7-447F-805A-51B03F3E0E03}.Release|Any CPU.ActiveCfg = Release|Any CPU
		{A610D767-68D7-447F-805A-51B03F3E0E03}.Release|Any CPU.Build.0 = Release|Any CPU
		{19112174-C6BA-4FB2-8E61-9145871DB43B}.Debug|Any CPU.ActiveCfg = Debug|Any CPU
		{19112174-C6BA-4FB2-8E61-9145871DB43B}.Debug|Any CPU.Build.0 = Debug|Any CPU
		{19112174-C6BA-4FB2-8E61-9145871DB43B}.Release|Any CPU.ActiveCfg = Release|Any CPU
		{19112174-C6BA-4FB2-8E61-9145871DB43B}.Release|Any CPU.Build.0 = Release|Any CPU
		{921B80B1-577D-4EB5-989A-1D1436AC7D09}.Debug|Any CPU.ActiveCfg = Debug|Any CPU
		{921B80B1-577D-4EB5-989A-1D1436AC7D09}.Debug|Any CPU.Build.0 = Debug|Any CPU
		{921B80B1-577D-4EB5-989A-1D1436AC7D09}.Release|Any CPU.ActiveCfg = Release|Any CPU
		{921B80B1-577D-4EB5-989A-1D1436AC7D09}.Release|Any CPU.Build.0 = Release|Any CPU
		{62D1C7E3-02C2-4C31-B18B-89B2D96A3F6B}.Debug|Any CPU.ActiveCfg = Debug|Any CPU
		{62D1C7E3-02C2-4C31-B18B-89B2D96A3F6B}.Debug|Any CPU.Build.0 = Debug|Any CPU
		{62D1C7E3-02C2-4C31-B18B-89B2D96A3F6B}.Release|Any CPU.ActiveCfg = Release|Any CPU
		{62D1C7E3-02C2-4C31-B18B-89B2D96A3F6B}.Release|Any CPU.Build.0 = Release|Any CPU
		{E5EE2707-E06A-4FE0-A28E-1DF4C66BEE47}.Debug|Any CPU.ActiveCfg = Debug|Any CPU
		{E5EE2707-E06A-4FE0-A28E-1DF4C66BEE47}.Debug|Any CPU.Build.0 = Debug|Any CPU
		{E5EE2707-E06A-4FE0-A28E-1DF4C66BEE47}.Release|Any CPU.ActiveCfg = Release|Any CPU
		{E5EE2707-E06A-4FE0-A28E-1DF4C66BEE47}.Release|Any CPU.Build.0 = Release|Any CPU
		{8FC9F361-ED04-40C6-997F-8DE62E25A15F}.Debug|Any CPU.ActiveCfg = Debug|Any CPU
		{8FC9F361-ED04-40C6-997F-8DE62E25A15F}.Debug|Any CPU.Build.0 = Debug|Any CPU
		{8FC9F361-ED04-40C6-997F-8DE62E25A15F}.Release|Any CPU.ActiveCfg = Release|Any CPU
		{8FC9F361-ED04-40C6-997F-8DE62E25A15F}.Release|Any CPU.Build.0 = Release|Any CPU
		{1D1508A4-15EF-44B0-BF4E-88CC2D3A8F10}.Debug|Any CPU.ActiveCfg = Debug|Any CPU
		{1D1508A4-15EF-44B0-BF4E-88CC2D3A8F10}.Debug|Any CPU.Build.0 = Debug|Any CPU
		{1D1508A4-15EF-44B0-BF4E-88CC2D3A8F10}.Release|Any CPU.ActiveCfg = Release|Any CPU
		{1D1508A4-15EF-44B0-BF4E-88CC2D3A8F10}.Release|Any CPU.Build.0 = Release|Any CPU
		{D1DAC29C-C198-4505-BEF9-8B38C9250CB4}.Debug|Any CPU.ActiveCfg = Debug|Any CPU
		{D1DAC29C-C198-4505-BEF9-8B38C9250CB4}.Debug|Any CPU.Build.0 = Debug|Any CPU
		{D1DAC29C-C198-4505-BEF9-8B38C9250CB4}.Release|Any CPU.ActiveCfg = Release|Any CPU
		{D1DAC29C-C198-4505-BEF9-8B38C9250CB4}.Release|Any CPU.Build.0 = Release|Any CPU
		{E3EE10A3-0220-4FF1-BDF1-9ADEF66B11DB}.Debug|Any CPU.ActiveCfg = Debug|Any CPU
		{E3EE10A3-0220-4FF1-BDF1-9ADEF66B11DB}.Debug|Any CPU.Build.0 = Debug|Any CPU
		{E3EE10A3-0220-4FF1-BDF1-9ADEF66B11DB}.Release|Any CPU.ActiveCfg = Release|Any CPU
		{E3EE10A3-0220-4FF1-BDF1-9ADEF66B11DB}.Release|Any CPU.Build.0 = Release|Any CPU
	EndGlobalSection
	GlobalSection(SolutionProperties) = preSolution
		HideSolutionNode = FALSE
	EndGlobalSection
	GlobalSection(NestedProjects) = preSolution
		{70D01900-10AB-4DA1-99AA-B464569E9141} = {7E3B0C29-215A-440D-BDA3-B07223C10EE4}
		{62AB399A-C8F7-4FBD-AD71-85AE07F6EFBB} = {7E3B0C29-215A-440D-BDA3-B07223C10EE4}
		{02DEF580-EB40-4289-9077-621CE61AEECC} = {70D01900-10AB-4DA1-99AA-B464569E9141}
		{B02E14E6-C40F-48DF-8F02-7C4269B1D209} = {70D01900-10AB-4DA1-99AA-B464569E9141}
		{A610D767-68D7-447F-805A-51B03F3E0E03} = {70D01900-10AB-4DA1-99AA-B464569E9141}
		{19112174-C6BA-4FB2-8E61-9145871DB43B} = {70D01900-10AB-4DA1-99AA-B464569E9141}
		{921B80B1-577D-4EB5-989A-1D1436AC7D09} = {70D01900-10AB-4DA1-99AA-B464569E9141}
		{62D1C7E3-02C2-4C31-B18B-89B2D96A3F6B} = {70D01900-10AB-4DA1-99AA-B464569E9141}
		{E5EE2707-E06A-4FE0-A28E-1DF4C66BEE47} = {62AB399A-C8F7-4FBD-AD71-85AE07F6EFBB}
		{8FC9F361-ED04-40C6-997F-8DE62E25A15F} = {62AB399A-C8F7-4FBD-AD71-85AE07F6EFBB}
		{1D1508A4-15EF-44B0-BF4E-88CC2D3A8F10} = {62AB399A-C8F7-4FBD-AD71-85AE07F6EFBB}
		{D1DAC29C-C198-4505-BEF9-8B38C9250CB4} = {62AB399A-C8F7-4FBD-AD71-85AE07F6EFBB}
		{E3EE10A3-0220-4FF1-BDF1-9ADEF66B11DB} = {62AB399A-C8F7-4FBD-AD71-85AE07F6EFBB}
	EndGlobalSection
	GlobalSection(ExtensibilityGlobals) = postSolution
		SolutionGuid = {7B0E84DC-81B7-46D5-A937-A95961A3DC25}
	EndGlobalSection
EndGlobal
